
Microsoft Visual Studio Solution File, Format Version 12.00
# Visual Studio 2012
Project("{E24C65DC-7377-472B-9ABA-BC803B73C61A}") = "QuickSort", "http://localhost:65340", "{AC7755AE-C39A-4911-960C-47E7AA2726EC}"
	ProjectSection(WebsiteProperties) = preProject
		UseIISExpress = "true"
		TargetFrameworkMoniker = ".NETFramework,Version%3Dv3.5"
		Debug.AspNetCompiler.VirtualPath = "/localhost_65340"
		Debug.AspNetCompiler.PhysicalPath = "..\..\WebSites\QuickSort\"
		Debug.AspNetCompiler.TargetPath = "PrecompiledWeb\localhost_65340\"
		Debug.AspNetCompiler.Updateable = "true"
		Debug.AspNetCompiler.ForceOverwrite = "true"
		Debug.AspNetCompiler.FixedNames = "false"
		Debug.AspNetCompiler.Debug = "True"
		Release.AspNetCompiler.VirtualPath = "/localhost_65340"
		Release.AspNetCompiler.PhysicalPath = "..\..\WebSites\QuickSort\"
		Release.AspNetCompiler.TargetPath = "PrecompiledWeb\localhost_65340\"
		Release.AspNetCompiler.Updateable = "true"
		Release.AspNetCompiler.ForceOverwrite = "true"
		Release.AspNetCompiler.FixedNames = "false"
		Release.AspNetCompiler.Debug = "False"
		SlnRelativePath = "..\..\WebSites\QuickSort\"
		DefaultWebSiteLanguage = "Visual C#"
	EndProjectSection
EndProject
Global
	GlobalSection(SolutionConfigurationPlatforms) = preSolution
		Debug|Any CPU = Debug|Any CPU
	EndGlobalSection
	GlobalSection(ProjectConfigurationPlatforms) = postSolution
		{AC7755AE-C39A-4911-960C-47E7AA2726EC}.Debug|Any CPU.ActiveCfg = Debug|Any CPU
		{AC7755AE-C39A-4911-960C-47E7AA2726EC}.Debug|Any CPU.Build.0 = Debug|Any CPU
	EndGlobalSection
	GlobalSection(SolutionProperties) = preSolution
		HideSolutionNode = FALSE
	EndGlobalSection
EndGlobal
